
Microsoft Visual Studio Solution File, Format Version 12.00
# Visual Studio Version 16
VisualStudioVersion = 16.0.32126.315
MinimumVisualStudioVersion = 10.0.40219.1
Project("{8BC9CEB8-8B4A-11D0-8D11-00A0C91BC942}") = "StackSTL", "StackSTL\StackSTL.vcxproj", "{89D58BAB-1DB4-4BF3-B3A0-1243E3391800}"
EndProject
Project("{8BC9CEB8-8B4A-11D0-8D11-00A0C91BC942}") = "UnitTest", "UnitTest\UnitTest.vcxproj", "{D75C76F4-ABA6-4906-9CBC-D3474E38699D}"
EndProject
Global
	GlobalSection(SolutionConfigurationPlatforms) = preSolution
		Debug|x64 = Debug|x64
		Debug|x86 = Debug|x86
		Release|x64 = Release|x64
		Release|x86 = Release|x86
	EndGlobalSection
	GlobalSection(ProjectConfigurationPlatforms) = postSolution
		{89D58BAB-1DB4-4BF3-B3A0-1243E3391800}.Debug|x64.ActiveCfg = Debug|x64
		{89D58BAB-1DB4-4BF3-B3A0-1243E3391800}.Debug|x64.Build.0 = Debug|x64
		{89D58BAB-1DB4-4BF3-B3A0-1243E3391800}.Debug|x86.ActiveCfg = Debug|Win32
		{89D58BAB-1DB4-4BF3-B3A0-1243E3391800}.Debug|x86.Build.0 = Debug|Win32
		{89D58BAB-1DB4-4BF3-B3A0-1243E3391800}.Release|x64.ActiveCfg = Release|x64
		{89D58BAB-1DB4-4BF3-B3A0-1243E3391800}.Release|x64.Build.0 = Release|x64
		{89D58BAB-1DB4-4BF3-B3A0-1243E3391800}.Release|x86.ActiveCfg = Release|Win32
		{89D58BAB-1DB4-4BF3-B3A0-1243E3391800}.Release|x86.Build.0 = Release|Win32
		{D75C76F4-ABA6-4906-9CBC-D3474E38699D}.Debug|x64.ActiveCfg = Debug|x64
		{D75C76F4-ABA6-4906-9CBC-D3474E38699D}.Debug|x64.Build.0 = Debug|x64
		{D75C76F4-ABA6-4906-9CBC-D3474E38699D}.Debug|x86.ActiveCfg = Debug|Win32
		{D75C76F4-ABA6-4906-9CBC-D3474E38699D}.Debug|x86.Build.0 = Debug|Win32
		{D75C76F4-ABA6-4906-9CBC-D3474E38699D}.Release|x64.ActiveCfg = Release|x64
		{D75C76F4-ABA6-4906-9CBC-D3474E38699D}.Release|x64.Build.0 = Release|x64
		{D75C76F4-ABA6-4906-9CBC-D3474E38699D}.Release|x86.ActiveCfg = Release|Win32
		{D75C76F4-ABA6-4906-9CBC-D3474E38699D}.Release|x86.Build.0 = Release|Win32
	EndGlobalSection
	GlobalSection(SolutionProperties) = preSolution
		HideSolutionNode = FALSE
	EndGlobalSection
	GlobalSection(ExtensibilityGlobals) = postSolution
		SolutionGuid = {251A8924-3817-4FF2-AFDA-2B2ABBC3003F}
	EndGlobalSection
EndGlobal
