
Microsoft Visual Studio Solution File, Format Version 12.00
# Visual Studio Version 16
VisualStudioVersion = 16.0.32126.315
MinimumVisualStudioVersion = 10.0.40219.1
Project("{8BC9CEB8-8B4A-11D0-8D11-00A0C91BC942}") = "Table1", "Table1\Table1.vcxproj", "{2BB72806-EA66-492C-A56B-C30248142260}"
EndProject
Project("{8BC9CEB8-8B4A-11D0-8D11-00A0C91BC942}") = "UnitTest1", "UnitTest1\UnitTest1.vcxproj", "{763A6575-BE6B-42A4-9292-512BBA720B9D}"
EndProject
Global
	GlobalSection(SolutionConfigurationPlatforms) = preSolution
		Debug|x64 = Debug|x64
		Debug|x86 = Debug|x86
		Release|x64 = Release|x64
		Release|x86 = Release|x86
	EndGlobalSection
	GlobalSection(ProjectConfigurationPlatforms) = postSolution
		{2BB72806-EA66-492C-A56B-C30248142260}.Debug|x64.ActiveCfg = Debug|x64
		{2BB72806-EA66-492C-A56B-C30248142260}.Debug|x64.Build.0 = Debug|x64
		{2BB72806-EA66-492C-A56B-C30248142260}.Debug|x86.ActiveCfg = Debug|Win32
		{2BB72806-EA66-492C-A56B-C30248142260}.Debug|x86.Build.0 = Debug|Win32
		{2BB72806-EA66-492C-A56B-C30248142260}.Release|x64.ActiveCfg = Release|x64
		{2BB72806-EA66-492C-A56B-C30248142260}.Release|x64.Build.0 = Release|x64
		{2BB72806-EA66-492C-A56B-C30248142260}.Release|x86.ActiveCfg = Release|Win32
		{2BB72806-EA66-492C-A56B-C30248142260}.Release|x86.Build.0 = Release|Win32
		{763A6575-BE6B-42A4-9292-512BBA720B9D}.Debug|x64.ActiveCfg = Debug|x64
		{763A6575-BE6B-42A4-9292-512BBA720B9D}.Debug|x64.Build.0 = Debug|x64
		{763A6575-BE6B-42A4-9292-512BBA720B9D}.Debug|x86.ActiveCfg = Debug|Win32
		{763A6575-BE6B-42A4-9292-512BBA720B9D}.Debug|x86.Build.0 = Debug|Win32
		{763A6575-BE6B-42A4-9292-512BBA720B9D}.Release|x64.ActiveCfg = Release|x64
		{763A6575-BE6B-42A4-9292-512BBA720B9D}.Release|x64.Build.0 = Release|x64
		{763A6575-BE6B-42A4-9292-512BBA720B9D}.Release|x86.ActiveCfg = Release|Win32
		{763A6575-BE6B-42A4-9292-512BBA720B9D}.Release|x86.Build.0 = Release|Win32
	EndGlobalSection
	GlobalSection(SolutionProperties) = preSolution
		HideSolutionNode = FALSE
	EndGlobalSection
	GlobalSection(ExtensibilityGlobals) = postSolution
		SolutionGuid = {0F51369F-8397-4838-9532-9B8FBD79DD00}
	EndGlobalSection
EndGlobal
